
Microsoft Visual Studio Solution File, Format Version 12.00
# Visual Studio Version 17
VisualStudioVersion = 17.3.32922.545
MinimumVisualStudioVersion = 10.0.40219.1
Project("{FAE04EC0-301F-11D3-BF4B-00C04F79EFBC}") = "Numato USB Relay Software", "Numato USB Relay Software\Numato USB Relay Software.csproj", "{8B58EF06-C17A-4F94-8D1B-35AD0553E475}"
EndProject
Global
	GlobalSection(SolutionConfigurationPlatforms) = preSolution
		Debug|Any CPU = Debug|Any CPU
		Release|Any CPU = Release|Any CPU
	EndGlobalSection
	GlobalSection(ProjectConfigurationPlatforms) = postSolution
		{8B58EF06-C17A-4F94-8D1B-35AD0553E475}.Debug|Any CPU.ActiveCfg = Debug|Any CPU
		{8B58EF06-C17A-4F94-8D1B-35AD0553E475}.Debug|Any CPU.Build.0 = Debug|Any CPU
		{8B58EF06-C17A-4F94-8D1B-35AD0553E475}.Release|Any CPU.ActiveCfg = Release|Any CPU
		{8B58EF06-C17A-4F94-8D1B-35AD0553E475}.Release|Any CPU.Build.0 = Release|Any CPU
	EndGlobalSection
	GlobalSection(SolutionProperties) = preSolution
		HideSolutionNode = FALSE
	EndGlobalSection
	GlobalSection(ExtensibilityGlobals) = postSolution
		SolutionGuid = {05C832E1-B36F-4DC6-B8BB-B6CAFCC43591}
	EndGlobalSection
EndGlobal
